
Microsoft Visual Studio Solution File, Format Version 12.00
Project("{FAE04EC0-301F-11D3-BF4B-00C04F79EFBC}") = "Poddynho.Api", "Poddynho.Api\Poddynho.Api.csproj", "{73179719-1E1C-4026-B380-EF9F0BD95CA5}"
EndProject
Project("{FAE04EC0-301F-11D3-BF4B-00C04F79EFBC}") = "Poddynho.Domain", "Poddynho.Domain\Poddynho.Domain.csproj", "{3EB4FA18-4333-41CC-936E-E60774E39047}"
EndProject
Project("{2150E333-8FDC-42A3-9474-1A3956D46DE8}") = "Integracoes", "Integracoes", "{823B9D26-5A44-4E34-B3C0-D726B980A7A7}"
EndProject
Project("{FAE04EC0-301F-11D3-BF4B-00C04F79EFBC}") = "Poddynho.Petrobras", "Poddynho.Petrobras\Poddynho.Petrobras.csproj", "{9DC3FDDF-D2A5-4B9E-AAE6-E9CEFCB0C8BB}"
EndProject
Project("{FAE04EC0-301F-11D3-BF4B-00C04F79EFBC}") = "Poddynho.Fetch", "Poddynho.Fetch\Poddynho.Fetch.csproj", "{5630D6E4-C021-43F5-9F49-0D24A81AEEE4}"
EndProject
Global
	GlobalSection(SolutionConfigurationPlatforms) = preSolution
		Debug|Any CPU = Debug|Any CPU
		Debug|x64 = Debug|x64
		Debug|x86 = Debug|x86
		Release|Any CPU = Release|Any CPU
		Release|x64 = Release|x64
		Release|x86 = Release|x86
	EndGlobalSection
	GlobalSection(ProjectConfigurationPlatforms) = postSolution
		{73179719-1E1C-4026-B380-EF9F0BD95CA5}.Debug|Any CPU.ActiveCfg = Debug|Any CPU
		{73179719-1E1C-4026-B380-EF9F0BD95CA5}.Debug|Any CPU.Build.0 = Debug|Any CPU
		{73179719-1E1C-4026-B380-EF9F0BD95CA5}.Debug|x64.ActiveCfg = Debug|Any CPU
		{73179719-1E1C-4026-B380-EF9F0BD95CA5}.Debug|x64.Build.0 = Debug|Any CPU
		{73179719-1E1C-4026-B380-EF9F0BD95CA5}.Debug|x86.ActiveCfg = Debug|Any CPU
		{73179719-1E1C-4026-B380-EF9F0BD95CA5}.Debug|x86.Build.0 = Debug|Any CPU
		{73179719-1E1C-4026-B380-EF9F0BD95CA5}.Release|Any CPU.ActiveCfg = Release|Any CPU
		{73179719-1E1C-4026-B380-EF9F0BD95CA5}.Release|Any CPU.Build.0 = Release|Any CPU
		{73179719-1E1C-4026-B380-EF9F0BD95CA5}.Release|x64.ActiveCfg = Release|Any CPU
		{73179719-1E1C-4026-B380-EF9F0BD95CA5}.Release|x64.Build.0 = Release|Any CPU
		{73179719-1E1C-4026-B380-EF9F0BD95CA5}.Release|x86.ActiveCfg = Release|Any CPU
		{73179719-1E1C-4026-B380-EF9F0BD95CA5}.Release|x86.Build.0 = Release|Any CPU
		{3EB4FA18-4333-41CC-936E-E60774E39047}.Debug|Any CPU.ActiveCfg = Debug|Any CPU
		{3EB4FA18-4333-41CC-936E-E60774E39047}.Debug|Any CPU.Build.0 = Debug|Any CPU
		{3EB4FA18-4333-41CC-936E-E60774E39047}.Debug|x64.ActiveCfg = Debug|Any CPU
		{3EB4FA18-4333-41CC-936E-E60774E39047}.Debug|x64.Build.0 = Debug|Any CPU
		{3EB4FA18-4333-41CC-936E-E60774E39047}.Debug|x86.ActiveCfg = Debug|Any CPU
		{3EB4FA18-4333-41CC-936E-E60774E39047}.Debug|x86.Build.0 = Debug|Any CPU
		{3EB4FA18-4333-41CC-936E-E60774E39047}.Release|Any CPU.ActiveCfg = Release|Any CPU
		{3EB4FA18-4333-41CC-936E-E60774E39047}.Release|Any CPU.Build.0 = Release|Any CPU
		{3EB4FA18-4333-41CC-936E-E60774E39047}.Release|x64.ActiveCfg = Release|Any CPU
		{3EB4FA18-4333-41CC-936E-E60774E39047}.Release|x64.Build.0 = Release|Any CPU
		{3EB4FA18-4333-41CC-936E-E60774E39047}.Release|x86.ActiveCfg = Release|Any CPU
		{3EB4FA18-4333-41CC-936E-E60774E39047}.Release|x86.Build.0 = Release|Any CPU
		{9DC3FDDF-D2A5-4B9E-AAE6-E9CEFCB0C8BB}.Debug|Any CPU.ActiveCfg = Debug|Any CPU
		{9DC3FDDF-D2A5-4B9E-AAE6-E9CEFCB0C8BB}.Debug|Any CPU.Build.0 = Debug|Any CPU
		{9DC3FDDF-D2A5-4B9E-AAE6-E9CEFCB0C8BB}.Debug|x64.ActiveCfg = Debug|Any CPU
		{9DC3FDDF-D2A5-4B9E-AAE6-E9CEFCB0C8BB}.Debug|x64.Build.0 = Debug|Any CPU
		{9DC3FDDF-D2A5-4B9E-AAE6-E9CEFCB0C8BB}.Debug|x86.ActiveCfg = Debug|Any CPU
		{9DC3FDDF-D2A5-4B9E-AAE6-E9CEFCB0C8BB}.Debug|x86.Build.0 = Debug|Any CPU
		{9DC3FDDF-D2A5-4B9E-AAE6-E9CEFCB0C8BB}.Release|Any CPU.ActiveCfg = Release|Any CPU
		{9DC3FDDF-D2A5-4B9E-AAE6-E9CEFCB0C8BB}.Release|Any CPU.Build.0 = Release|Any CPU
		{9DC3FDDF-D2A5-4B9E-AAE6-E9CEFCB0C8BB}.Release|x64.ActiveCfg = Release|Any CPU
		{9DC3FDDF-D2A5-4B9E-AAE6-E9CEFCB0C8BB}.Release|x64.Build.0 = Release|Any CPU
		{9DC3FDDF-D2A5-4B9E-AAE6-E9CEFCB0C8BB}.Release|x86.ActiveCfg = Release|Any CPU
		{9DC3FDDF-D2A5-4B9E-AAE6-E9CEFCB0C8BB}.Release|x86.Build.0 = Release|Any CPU
		{5630D6E4-C021-43F5-9F49-0D24A81AEEE4}.Debug|Any CPU.ActiveCfg = Debug|Any CPU
		{5630D6E4-C021-43F5-9F49-0D24A81AEEE4}.Debug|Any CPU.Build.0 = Debug|Any CPU
		{5630D6E4-C021-43F5-9F49-0D24A81AEEE4}.Debug|x64.ActiveCfg = Debug|Any CPU
		{5630D6E4-C021-43F5-9F49-0D24A81AEEE4}.Debug|x64.Build.0 = Debug|Any CPU
		{5630D6E4-C021-43F5-9F49-0D24A81AEEE4}.Debug|x86.ActiveCfg = Debug|Any CPU
		{5630D6E4-C021-43F5-9F49-0D24A81AEEE4}.Debug|x86.Build.0 = Debug|Any CPU
		{5630D6E4-C021-43F5-9F49-0D24A81AEEE4}.Release|Any CPU.ActiveCfg = Release|Any CPU
		{5630D6E4-C021-43F5-9F49-0D24A81AEEE4}.Release|Any CPU.Build.0 = Release|Any CPU
		{5630D6E4-C021-43F5-9F49-0D24A81AEEE4}.Release|x64.ActiveCfg = Release|Any CPU
		{5630D6E4-C021-43F5-9F49-0D24A81AEEE4}.Release|x64.Build.0 = Release|Any CPU
		{5630D6E4-C021-43F5-9F49-0D24A81AEEE4}.Release|x86.ActiveCfg = Release|Any CPU
		{5630D6E4-C021-43F5-9F49-0D24A81AEEE4}.Release|x86.Build.0 = Release|Any CPU
	EndGlobalSection
	GlobalSection(SolutionProperties) = preSolution
		HideSolutionNode = FALSE
	EndGlobalSection
	GlobalSection(NestedProjects) = preSolution
		{9DC3FDDF-D2A5-4B9E-AAE6-E9CEFCB0C8BB} = {823B9D26-5A44-4E34-B3C0-D726B980A7A7}
	EndGlobalSection
EndGlobal
